
Microsoft Visual Studio Solution File, Format Version 12.00
# Visual Studio 15
VisualStudioVersion = 15.0.28010.2036
MinimumVisualStudioVersion = 10.0.40219.1
Project("{FAE04EC0-301F-11D3-BF4B-00C04F79EFBC}") = "DatabaseExplorer", "DatabaseExplorer\DatabaseExplorer.csproj", "{7A48171C-56A5-45DD-98FE-0E92AB4CF5E4}"
EndProject
Global
	GlobalSection(SolutionConfigurationPlatforms) = preSolution
		Debug|Any CPU = Debug|Any CPU
		Release|Any CPU = Release|Any CPU
	EndGlobalSection
	GlobalSection(ProjectConfigurationPlatforms) = postSolution
		{7A48171C-56A5-45DD-98FE-0E92AB4CF5E4}.Debug|Any CPU.ActiveCfg = Debug|Any CPU
		{7A48171C-56A5-45DD-98FE-0E92AB4CF5E4}.Debug|Any CPU.Build.0 = Debug|Any CPU
		{7A48171C-56A5-45DD-98FE-0E92AB4CF5E4}.Release|Any CPU.ActiveCfg = Release|Any CPU
		{7A48171C-56A5-45DD-98FE-0E92AB4CF5E4}.Release|Any CPU.Build.0 = Release|Any CPU
	EndGlobalSection
	GlobalSection(SolutionProperties) = preSolution
		HideSolutionNode = FALSE
	EndGlobalSection
	GlobalSection(ExtensibilityGlobals) = postSolution
		SolutionGuid = {147322C9-A404-4E86-9D15-F33CA3368EC7}
	EndGlobalSection
EndGlobal
